
Microsoft Visual Studio Solution File, Format Version 12.00
# Visual Studio Version 17
VisualStudioVersion = 17.0.32126.317
MinimumVisualStudioVersion = 10.0.40219.1
Project("{FAE04EC0-301F-11D3-BF4B-00C04F79EFBC}") = "ReflectionTask", "ReflectionTask\ReflectionTask.csproj", "{B17A0B2F-5A97-4597-BF90-3763A2CE2F35}"
EndProject
Global
	GlobalSection(SolutionConfigurationPlatforms) = preSolution
		Debug|Any CPU = Debug|Any CPU
		Release|Any CPU = Release|Any CPU
	EndGlobalSection
	GlobalSection(ProjectConfigurationPlatforms) = postSolution
		{B17A0B2F-5A97-4597-BF90-3763A2CE2F35}.Debug|Any CPU.ActiveCfg = Debug|Any CPU
		{B17A0B2F-5A97-4597-BF90-3763A2CE2F35}.Debug|Any CPU.Build.0 = Debug|Any CPU
		{B17A0B2F-5A97-4597-BF90-3763A2CE2F35}.Release|Any CPU.ActiveCfg = Release|Any CPU
		{B17A0B2F-5A97-4597-BF90-3763A2CE2F35}.Release|Any CPU.Build.0 = Release|Any CPU
	EndGlobalSection
	GlobalSection(SolutionProperties) = preSolution
		HideSolutionNode = FALSE
	EndGlobalSection
	GlobalSection(ExtensibilityGlobals) = postSolution
		SolutionGuid = {51CDA3F2-CCB7-42AE-8E12-035DC044DA25}
	EndGlobalSection
EndGlobal
